
Microsoft Visual Studio Solution File, Format Version 12.00
# Visual Studio 2013
VisualStudioVersion = 12.0.31101.0
MinimumVisualStudioVersion = 10.0.40219.1
Project("{FAE04EC0-301F-11D3-BF4B-00C04F79EFBC}") = "NeuralLibrary", "NeuralLibrary\NeuralLibrary.csproj", "{CCA9A4F2-2092-4FA2-AA77-740E81F787DB}"
EndProject
Project("{FAE04EC0-301F-11D3-BF4B-00C04F79EFBC}") = "XOR", "XOR\XOR.csproj", "{3CD91FF5-5345-4BFA-9EDE-81DA6B2E793C}"
EndProject
Project("{FAE04EC0-301F-11D3-BF4B-00C04F79EFBC}") = "NeuralLibraryManaged", "NeuralLibraryManaged\NeuralLibraryManaged.csproj", "{DD83C1C8-0F16-4FA0-80A7-C4EE67D6F78B}"
EndProject
Global
	GlobalSection(SolutionConfigurationPlatforms) = preSolution
		Debug|Any CPU = Debug|Any CPU
		Debug|ARM = Debug|ARM
		Debug|x64 = Debug|x64
		Debug|x86 = Debug|x86
		Release|Any CPU = Release|Any CPU
		Release|ARM = Release|ARM
		Release|x64 = Release|x64
		Release|x86 = Release|x86
	EndGlobalSection
	GlobalSection(ProjectConfigurationPlatforms) = postSolution
		{CCA9A4F2-2092-4FA2-AA77-740E81F787DB}.Debug|Any CPU.ActiveCfg = Debug|Any CPU
		{CCA9A4F2-2092-4FA2-AA77-740E81F787DB}.Debug|Any CPU.Build.0 = Debug|Any CPU
		{CCA9A4F2-2092-4FA2-AA77-740E81F787DB}.Debug|ARM.ActiveCfg = Debug|Any CPU
		{CCA9A4F2-2092-4FA2-AA77-740E81F787DB}.Debug|x64.ActiveCfg = Debug|Any CPU
		{CCA9A4F2-2092-4FA2-AA77-740E81F787DB}.Debug|x86.ActiveCfg = Debug|Any CPU
		{CCA9A4F2-2092-4FA2-AA77-740E81F787DB}.Release|Any CPU.ActiveCfg = Release|Any CPU
		{CCA9A4F2-2092-4FA2-AA77-740E81F787DB}.Release|Any CPU.Build.0 = Release|Any CPU
		{CCA9A4F2-2092-4FA2-AA77-740E81F787DB}.Release|ARM.ActiveCfg = Release|Any CPU
		{CCA9A4F2-2092-4FA2-AA77-740E81F787DB}.Release|x64.ActiveCfg = Release|Any CPU
		{CCA9A4F2-2092-4FA2-AA77-740E81F787DB}.Release|x86.ActiveCfg = Release|Any CPU
		{3CD91FF5-5345-4BFA-9EDE-81DA6B2E793C}.Debug|Any CPU.ActiveCfg = Debug|Any CPU
		{3CD91FF5-5345-4BFA-9EDE-81DA6B2E793C}.Debug|Any CPU.Build.0 = Debug|Any CPU
		{3CD91FF5-5345-4BFA-9EDE-81DA6B2E793C}.Debug|ARM.ActiveCfg = Debug|Any CPU
		{3CD91FF5-5345-4BFA-9EDE-81DA6B2E793C}.Debug|x64.ActiveCfg = Debug|Any CPU
		{3CD91FF5-5345-4BFA-9EDE-81DA6B2E793C}.Debug|x86.ActiveCfg = Debug|Any CPU
		{3CD91FF5-5345-4BFA-9EDE-81DA6B2E793C}.Release|Any CPU.ActiveCfg = Release|Any CPU
		{3CD91FF5-5345-4BFA-9EDE-81DA6B2E793C}.Release|Any CPU.Build.0 = Release|Any CPU
		{3CD91FF5-5345-4BFA-9EDE-81DA6B2E793C}.Release|ARM.ActiveCfg = Release|Any CPU
		{3CD91FF5-5345-4BFA-9EDE-81DA6B2E793C}.Release|x64.ActiveCfg = Release|Any CPU
		{3CD91FF5-5345-4BFA-9EDE-81DA6B2E793C}.Release|x86.ActiveCfg = Release|Any CPU
		{DD83C1C8-0F16-4FA0-80A7-C4EE67D6F78B}.Debug|Any CPU.ActiveCfg = Debug|Any CPU
		{DD83C1C8-0F16-4FA0-80A7-C4EE67D6F78B}.Debug|Any CPU.Build.0 = Debug|Any CPU
		{DD83C1C8-0F16-4FA0-80A7-C4EE67D6F78B}.Debug|ARM.ActiveCfg = Debug|Any CPU
		{DD83C1C8-0F16-4FA0-80A7-C4EE67D6F78B}.Debug|x64.ActiveCfg = Debug|Any CPU
		{DD83C1C8-0F16-4FA0-80A7-C4EE67D6F78B}.Debug|x86.ActiveCfg = Debug|Any CPU
		{DD83C1C8-0F16-4FA0-80A7-C4EE67D6F78B}.Release|Any CPU.ActiveCfg = Release|Any CPU
		{DD83C1C8-0F16-4FA0-80A7-C4EE67D6F78B}.Release|Any CPU.Build.0 = Release|Any CPU
		{DD83C1C8-0F16-4FA0-80A7-C4EE67D6F78B}.Release|ARM.ActiveCfg = Release|Any CPU
		{DD83C1C8-0F16-4FA0-80A7-C4EE67D6F78B}.Release|x64.ActiveCfg = Release|Any CPU
		{DD83C1C8-0F16-4FA0-80A7-C4EE67D6F78B}.Release|x86.ActiveCfg = Release|Any CPU
	EndGlobalSection
	GlobalSection(SolutionProperties) = preSolution
		HideSolutionNode = FALSE
	EndGlobalSection
EndGlobal
